// !$*UTF8*$!
{
	archiveVersion = 1;
	classes = {
	};
	objectVersion = 46;
	objects = {

/* Begin PBXBuildFile section */
		45746F0D15FB36B8003D9D8D /* UIKit.framework in Frameworks */ = {isa = PBXBuildFile; fileRef = 45746F0C15FB36B8003D9D8D /* UIKit.framework */; };
		45746F0F15FB36B8003D9D8D /* Foundation.framework in Frameworks */ = {isa = PBXBuildFile; fileRef = 45746F0E15FB36B8003D9D8D /* Foundation.framework */; };
		45746F1115FB36B8003D9D8D /* CoreGraphics.framework in Frameworks */ = {isa = PBXBuildFile; fileRef = 45746F1015FB36B8003D9D8D /* CoreGraphics.framework */; };
		45746F1715FB36B8003D9D8D /* InfoPlist.strings in Resources */ = {isa = PBXBuildFile; fileRef = 45746F1515FB36B8003D9D8D /* InfoPlist.strings */; };
		45746F1915FB36B8003D9D8D /* main.m in Sources */ = {isa = PBXBuildFile; fileRef = 45746F1815FB36B8003D9D8D /* main.m */; };
		45746F1D15FB36B8003D9D8D /* AppDelegate.m in Sources */ = {isa = PBXBuildFile; fileRef = 45746F1C15FB36B8003D9D8D /* AppDelegate.m */; };
		45746F2015FB36B8003D9D8D /* ViewController.m in Sources */ = {isa = PBXBuildFile; fileRef = 45746F1F15FB36B8003D9D8D /* ViewController.m */; };
		45746F2315FB36B8003D9D8D /* ViewController.xib in Resources */ = {isa = PBXBuildFile; fileRef = 45746F2115FB36B8003D9D8D /* ViewController.xib */; };
		45746F2B15FB36F0003D9D8D /* TopWindow.m in Sources */ = {isa = PBXBuildFile; fileRef = 45746F2A15FB36EF003D9D8D /* TopWindow.m */; };
		4585F50D164CF8400015932B /* SecondViewController.m in Sources */ = {isa = PBXBuildFile; fileRef = 4585F50B164CF8400015932B /* SecondViewController.m */; };
		4585F50E164CF8400015932B /* SecondViewController.xib in Resources */ = {isa = PBXBuildFile; fileRef = 4585F50C164CF8400015932B /* SecondViewController.xib */; };
/* End PBXBuildFile section */

/* Begin PBXFileReference section */
		45746F0815FB36B8003D9D8D /* TestWindow.app */ = {isa = PBXFileReference; explicitFileType = wrapper.application; includeInIndex = 0; path = TestWindow.app; sourceTree = BUILT_PRODUCTS_DIR; };
		45746F0C15FB36B8003D9D8D /* UIKit.framework */ = {isa = PBXFileReference; lastKnownFileType = wrapper.framework; name = UIKit.framework; path = System/Library/Frameworks/UIKit.framework; sourceTree = SDKROOT; };
		45746F0E15FB36B8003D9D8D /* Foundation.framework */ = {isa = PBXFileReference; lastKnownFileType = wrapper.framework; name = Foundation.framework; path = System/Library/Frameworks/Foundation.framework; sourceTree = SDKROOT; };
		45746F1015FB36B8003D9D8D /* CoreGraphics.framework */ = {isa = PBXFileReference; lastKnownFileType = wrapper.framework; name = CoreGraphics.framework; path = System/Library/Frameworks/CoreGraphics.framework; sourceTree = SDKROOT; };
		45746F1415FB36B8003D9D8D /* TestWindow-Info.plist */ = {isa = PBXFileReference; lastKnownFileType = text.plist.xml; path = "TestWindow-Info.plist"; sourceTree = "<group>"; };
		45746F1615FB36B8003D9D8D /* en */ = {isa = PBXFileReference; lastKnownFileType = text.plist.strings; name = en; path = en.lproj/InfoPlist.strings; sourceTree = "<group>"; };
		45746F1815FB36B8003D9D8D /* main.m */ = {isa = PBXFileReference; lastKnownFileType = sourcecode.c.objc; path = main.m; sourceTree = "<group>"; };
		45746F1A15FB36B8003D9D8D /* TestWindow-Prefix.pch */ = {isa = PBXFileReference; lastKnownFileType = sourcecode.c.h; path = "TestWindow-Prefix.pch"; sourceTree = "<group>"; };
		45746F1B15FB36B8003D9D8D /* AppDelegate.h */ = {isa = PBXFileReference; lastKnownFileType = sourcecode.c.h; path = AppDelegate.h; sourceTree = "<group>"; };
		45746F1C15FB36B8003D9D8D /* AppDelegate.m */ = {isa = PBXFileReference; lastKnownFileType = sourcecode.c.objc; path = AppDelegate.m; sourceTree = "<group>"; };
		45746F1E15FB36B8003D9D8D /* ViewController.h */ = {isa = PBXFileReference; lastKnownFileType = sourcecode.c.h; path = ViewController.h; sourceTree = "<group>"; };
		45746F1F15FB36B8003D9D8D /* ViewController.m */ = {isa = PBXFileReference; lastKnownFileType = sourcecode.c.objc; path = ViewController.m; sourceTree = "<group>"; };
		45746F2215FB36B8003D9D8D /* en */ = {isa = PBXFileReference; lastKnownFileType = file.xib; name = en; path = en.lproj/ViewController.xib; sourceTree = "<group>"; };
		45746F2915FB36EF003D9D8D /* TopWindow.h */ = {isa = PBXFileReference; fileEncoding = 4; lastKnownFileType = sourcecode.c.h; path = TopWindow.h; sourceTree = "<group>"; };
		45746F2A15FB36EF003D9D8D /* TopWindow.m */ = {isa = PBXFileReference; fileEncoding = 4; lastKnownFileType = sourcecode.c.objc; path = TopWindow.m; sourceTree = "<group>"; };
		4585F50A164CF8400015932B /* SecondViewController.h */ = {isa = PBXFileReference; fileEncoding = 4; lastKnownFileType = sourcecode.c.h; path = SecondViewController.h; sourceTree = "<group>"; };
		4585F50B164CF8400015932B /* SecondViewController.m */ = {isa = PBXFileReference; fileEncoding = 4; lastKnownFileType = sourcecode.c.objc; path = SecondViewController.m; sourceTree = "<group>"; };
		4585F50C164CF8400015932B /* SecondViewController.xib */ = {isa = PBXFileReference; fileEncoding = 4; lastKnownFileType = file.xib; path = SecondViewController.xib; sourceTree = "<group>"; };
/* End PBXFileReference section */

/* Begin PBXFrameworksBuildPhase section */
		45746F0515FB36B8003D9D8D /* Frameworks */ = {
			isa = PBXFrameworksBuildPhase;
			buildActionMask = 2147483647;
			files = (
				45746F0D15FB36B8003D9D8D /* UIKit.framework in Frameworks */,
				45746F0F15FB36B8003D9D8D /* Foundation.framework in Frameworks */,
				45746F1115FB36B8003D9D8D /* CoreGraphics.framework in Frameworks */,
			);
			runOnlyForDeploymentPostprocessing = 0;
		};
/* End PBXFrameworksBuildPhase section */

/* Begin PBXGroup section */
		45746EFD15FB36B8003D9D8D = {
			isa = PBXGroup;
			children = (
				45746F1215FB36B8003D9D8D /* TestWindow */,
				45746F0B15FB36B8003D9D8D /* Frameworks */,
				45746F0915FB36B8003D9D8D /* Products */,
			);
			sourceTree = "<group>";
		};
		45746F0915FB36B8003D9D8D /* Products */ = {
			isa = PBXGroup;
			children = (
				45746F0815FB36B8003D9D8D /* TestWindow.app */,
			);
			name = Products;
			sourceTree = "<group>";
		};
		45746F0B15FB36B8003D9D8D /* Frameworks */ = {
			isa = PBXGroup;
			children = (
				45746F0C15FB36B8003D9D8D /* UIKit.framework */,
				45746F0E15FB36B8003D9D8D /* Foundation.framework */,
				45746F1015FB36B8003D9D8D /* CoreGraphics.framework */,
			);
			name = Frameworks;
			sourceTree = "<group>";
		};
		45746F1215FB36B8003D9D8D /* TestWindow */ = {
			isa = PBXGroup;
			children = (
				45746F1B15FB36B8003D9D8D /* AppDelegate.h */,
				45746F1C15FB36B8003D9D8D /* AppDelegate.m */,
				45746F1E15FB36B8003D9D8D /* ViewController.h */,
				45746F1F15FB36B8003D9D8D /* ViewController.m */,
				45746F2115FB36B8003D9D8D /* ViewController.xib */,
				45746F1315FB36B8003D9D8D /* Supporting Files */,
				45746F2915FB36EF003D9D8D /* TopWindow.h */,
				45746F2A15FB36EF003D9D8D /* TopWindow.m */,
				4585F50A164CF8400015932B /* SecondViewController.h */,
				4585F50B164CF8400015932B /* SecondViewController.m */,
				4585F50C164CF8400015932B /* SecondViewController.xib */,
			);
			path = TestWindow;
			sourceTree = "<group>";
		};
		45746F1315FB36B8003D9D8D /* Supporting Files */ = {
			isa = PBXGroup;
			children = (
				45746F1415FB36B8003D9D8D /* TestWindow-Info.plist */,
				45746F1515FB36B8003D9D8D /* InfoPlist.strings */,
				45746F1815FB36B8003D9D8D /* main.m */,
				45746F1A15FB36B8003D9D8D /* TestWindow-Prefix.pch */,
			);
			name = "Supporting Files";
			sourceTree = "<group>";
		};
/* End PBXGroup section */

/* Begin PBXNativeTarget section */
		45746F0715FB36B8003D9D8D /* TestWindow */ = {
			isa = PBXNativeTarget;
			buildConfigurationList = 45746F2615FB36B8003D9D8D /* Build configuration list for PBXNativeTarget "TestWindow" */;
			buildPhases = (
				45746F0415FB36B8003D9D8D /* Sources */,
				45746F0515FB36B8003D9D8D /* Frameworks */,
				45746F0615FB36B8003D9D8D /* Resources */,
			);
			buildRules = (
			);
			dependencies = (
			);
			name = TestWindow;
			productName = TestWindow;
			productReference = 45746F0815FB36B8003D9D8D /* TestWindow.app */;
			productType = "com.apple.product-type.application";
		};
/* End PBXNativeTarget section */

/* Begin PBXProject section */
		45746EFF15FB36B8003D9D8D /* Project object */ = {
			isa = PBXProject;
			attributes = {
				LastUpgradeCheck = 0440;
				ORGANIZATIONNAME = TangQiao;
			};
			buildConfigurationList = 45746F0215FB36B8003D9D8D /* Build configuration list for PBXProject "TestWindow" */;
			compatibilityVersion = "Xcode 3.2";
			developmentRegion = English;
			hasScannedForEncodings = 0;
			knownRegions = (
				en,
			);
			mainGroup = 45746EFD15FB36B8003D9D8D;
			productRefGroup = 45746F0915FB36B8003D9D8D /* Products */;
			projectDirPath = "";
			projectRoot = "";
			targets = (
				45746F0715FB36B8003D9D8D /* TestWindow */,
			);
		};
/* End PBXProject section */

/* Begin PBXResourcesBuildPhase section */
		45746F0615FB36B8003D9D8D /* Resources */ = {
			isa = PBXResourcesBuildPhase;
			buildActionMask = 2147483647;
			files = (
				45746F1715FB36B8003D9D8D /* InfoPlist.strings in Resources */,
				45746F2315FB36B8003D9D8D /* ViewController.xib in Resources */,
				4585F50E164CF8400015932B /* SecondViewController.xib in Resources */,
			);
			runOnlyForDeploymentPostprocessing = 0;
		};
/* End PBXResourcesBuildPhase section */

/* Begin PBXSourcesBuildPhase section */
		45746F0415FB36B8003D9D8D /* Sources */ = {
			isa = PBXSourcesBuildPhase;
			buildActionMask = 2147483647;
			files = (
				45746F1915FB36B8003D9D8D /* main.m in Sources */,
				45746F1D15FB36B8003D9D8D /* AppDelegate.m in Sources */,
				45746F2015FB36B8003D9D8D /* ViewController.m in Sources */,
				45746F2B15FB36F0003D9D8D /* TopWindow.m in Sources */,
				4585F50D164CF8400015932B /* SecondViewController.m in Sources */,
			);
			runOnlyForDeploymentPostprocessing = 0;
		};
/* End PBXSourcesBuildPhase section */

/* Begin PBXVariantGroup section */
		45746F1515FB36B8003D9D8D /* InfoPlist.strings */ = {
			isa = PBXVariantGroup;
			children = (
				45746F1615FB36B8003D9D8D /* en */,
			);
			name = InfoPlist.strings;
			sourceTree = "<group>";
		};
		45746F2115FB36B8003D9D8D /* ViewController.xib */ = {
			isa = PBXVariantGroup;
			children = (
				45746F2215FB36B8003D9D8D /* en */,
			);
			name = ViewController.xib;
			sourceTree = "<group>";
		};
/* End PBXVariantGroup section */

/* Begin XCBuildConfiguration section */
		45746F2415FB36B8003D9D8D /* Debug */ = {
			isa = XCBuildConfiguration;
			buildSettings = {
				ALWAYS_SEARCH_USER_PATHS = NO;
				ARCHS = "$(ARCHS_STANDARD_32_BIT)";
				CLANG_CXX_LANGUAGE_STANDARD = "gnu++0x";
				CLANG_ENABLE_OBJC_ARC = YES;
				CLANG_WARN__DUPLICATE_METHOD_MATCH = YES;
				"CODE_SIGN_IDENTITY[sdk=iphoneos*]" = "iPhone Developer";
				COPY_PHASE_STRIP = NO;
				GCC_C_LANGUAGE_STANDARD = gnu99;
				GCC_DYNAMIC_NO_PIC = NO;
				GCC_OPTIMIZATION_LEVEL = 0;
				GCC_PREPROCESSOR_DEFINITIONS = (
					"DEBUG=1",
					"$(inherited)",
				);
				GCC_SYMBOLS_PRIVATE_EXTERN = NO;
				GCC_VERSION = com.apple.compilers.llvm.clang.1_0;
				GCC_WARN_ABOUT_RETURN_TYPE = YES;
				GCC_WARN_UNINITIALIZED_AUTOS = YES;
				GCC_WARN_UNUSED_VARIABLE = YES;
				IPHONEOS_DEPLOYMENT_TARGET = 5.1;
				SDKROOT = iphoneos;
			};
			name = Debug;
		};
		45746F2515FB36B8003D9D8D /* Release */ = {
			isa = XCBuildConfiguration;
			buildSettings = {
				ALWAYS_SEARCH_USER_PATHS = NO;
				ARCHS = "$(ARCHS_STANDARD_32_BIT)";
				CLANG_CXX_LANGUAGE_STANDARD = "gnu++0x";
				CLANG_ENABLE_OBJC_ARC = YES;
				CLANG_WARN__DUPLICATE_METHOD_MATCH = YES;
				"CODE_SIGN_IDENTITY[sdk=iphoneos*]" = "iPhone Developer";
				COPY_PHASE_STRIP = YES;
				GCC_C_LANGUAGE_STANDARD = gnu99;
				GCC_VERSION = com.apple.compilers.llvm.clang.1_0;
				GCC_WARN_ABOUT_RETURN_TYPE = YES;
				GCC_WARN_UNINITIALIZED_AUTOS = YES;
				GCC_WARN_UNUSED_VARIABLE = YES;
				IPHONEOS_DEPLOYMENT_TARGET = 5.1;
				OTHER_CFLAGS = "-DNS_BLOCK_ASSERTIONS=1";
				SDKROOT = iphoneos;
				VALIDATE_PRODUCT = YES;
			};
			name = Release;
		};
		45746F2715FB36B8003D9D8D /* Debug */ = {
			isa = XCBuildConfiguration;
			buildSettings = {
				GCC_PRECOMPILE_PREFIX_HEADER = YES;
				GCC_PREFIX_HEADER = "TestWindow/TestWindow-Prefix.pch";
				INFOPLIST_FILE = "TestWindow/TestWindow-Info.plist";
				PRODUCT_NAME = "$(TARGET_NAME)";
				WRAPPER_EXTENSION = app;
			};
			name = Debug;
		};
		45746F2815FB36B8003D9D8D /* Release */ = {
			isa = XCBuildConfiguration;
			buildSettings = {
				GCC_PRECOMPILE_PREFIX_HEADER = YES;
				GCC_PREFIX_HEADER = "TestWindow/TestWindow-Prefix.pch";
				INFOPLIST_FILE = "TestWindow/TestWindow-Info.plist";
				PRODUCT_NAME = "$(TARGET_NAME)";
				WRAPPER_EXTENSION = app;
			};
			name = Release;
		};
/* End XCBuildConfiguration section */

/* Begin XCConfigurationList section */
		45746F0215FB36B8003D9D8D /* Build configuration list for PBXProject "TestWindow" */ = {
			isa = XCConfigurationList;
			buildConfigurations = (
				45746F2415FB36B8003D9D8D /* Debug */,
				45746F2515FB36B8003D9D8D /* Release */,
			);
			defaultConfigurationIsVisible = 0;
			defaultConfigurationName = Release;
		};
		45746F2615FB36B8003D9D8D /* Build configuration list for PBXNativeTarget "TestWindow" */ = {
			isa = XCConfigurationList;
			buildConfigurations = (
				45746F2715FB36B8003D9D8D /* Debug */,
				45746F2815FB36B8003D9D8D /* Release */,
			);
			defaultConfigurationIsVisible = 0;
			defaultConfigurationName = Release;
		};
/* End XCConfigurationList section */
	};
	rootObject = 45746EFF15FB36B8003D9D8D /* Project object */;
}
